
Microsoft Visual Studio Solution File, Format Version 12.00
# Visual Studio Version 16
VisualStudioVersion = 16.0.31105.61
MinimumVisualStudioVersion = 10.0.40219.1
Project("{9A19103F-16F7-4668-BE54-9A1E7A4F7556}") = "backend.Domain", "backend.Domain\backend.Domain.csproj", "{90C8C6AA-BDE0-419F-BAFD-3EC5E193890C}"
EndProject
Project("{FAE04EC0-301F-11D3-BF4B-00C04F79EFBC}") = "backend.Infra", "backend.Infra\backend.Infra.csproj", "{C1BF75FD-5B39-464B-BA19-4BC4624EEC18}"
EndProject
Project("{FAE04EC0-301F-11D3-BF4B-00C04F79EFBC}") = "backend.Tests", "backend.Tests\backend.Tests.csproj", "{22E1EF59-2270-40C3-BE8E-3648854400B3}"
EndProject
Global
	GlobalSection(SolutionConfigurationPlatforms) = preSolution
		Debug|Any CPU = Debug|Any CPU
		Release|Any CPU = Release|Any CPU
	EndGlobalSection
	GlobalSection(ProjectConfigurationPlatforms) = postSolution
		{90C8C6AA-BDE0-419F-BAFD-3EC5E193890C}.Debug|Any CPU.ActiveCfg = Debug|Any CPU
		{90C8C6AA-BDE0-419F-BAFD-3EC5E193890C}.Debug|Any CPU.Build.0 = Debug|Any CPU
		{90C8C6AA-BDE0-419F-BAFD-3EC5E193890C}.Release|Any CPU.ActiveCfg = Release|Any CPU
		{90C8C6AA-BDE0-419F-BAFD-3EC5E193890C}.Release|Any CPU.Build.0 = Release|Any CPU
		{C1BF75FD-5B39-464B-BA19-4BC4624EEC18}.Debug|Any CPU.ActiveCfg = Debug|Any CPU
		{C1BF75FD-5B39-464B-BA19-4BC4624EEC18}.Debug|Any CPU.Build.0 = Debug|Any CPU
		{C1BF75FD-5B39-464B-BA19-4BC4624EEC18}.Release|Any CPU.ActiveCfg = Release|Any CPU
		{C1BF75FD-5B39-464B-BA19-4BC4624EEC18}.Release|Any CPU.Build.0 = Release|Any CPU
		{22E1EF59-2270-40C3-BE8E-3648854400B3}.Debug|Any CPU.ActiveCfg = Debug|Any CPU
		{22E1EF59-2270-40C3-BE8E-3648854400B3}.Debug|Any CPU.Build.0 = Debug|Any CPU
		{22E1EF59-2270-40C3-BE8E-3648854400B3}.Release|Any CPU.ActiveCfg = Release|Any CPU
		{22E1EF59-2270-40C3-BE8E-3648854400B3}.Release|Any CPU.Build.0 = Release|Any CPU
	EndGlobalSection
	GlobalSection(SolutionProperties) = preSolution
		HideSolutionNode = FALSE
	EndGlobalSection
	GlobalSection(ExtensibilityGlobals) = postSolution
		SolutionGuid = {A8149B47-2617-44BD-A1C6-53E3F885313F}
	EndGlobalSection
EndGlobal
